github.com/davecgh/go-spew v1.1.0/go.mod h1:J7Y8YcW2NihsgmVo/mv3lAwl/skON4iLHjSsI+c5H38=
github.com/davecgh/go-spew v1.1.1/go.mod h1:J7Y8YcW2NihsgmVo/mv3lAwl/skON4iLHjSsI+c5H38=
github.com/docker/docker v1.13.1/go.mod h1:eEKB0N0r5NX/I1kEveEz05bcu8tLC/8azJZsviup8Sk=
github.com/go-yaml/yaml v2.1.0+incompatible h1:RYi2hDdss1u4YE7GwixGzWwVo47T8UQwnTLB6vQiq+o=
github.com/go-yaml/yaml v2.1.0+incompatible/go.mod h1:w2MrLa16VYP0jy6N7M5kHaCkaLENm+P+Tv+MfurjSw0=
github.com/jinzhu/copier v0.0.0-20190625015134-976e0346caa8 h1:mGIXW/lubQ4B+3bXTLxcTMTjUNDqoF6T/HUW9LbFx9s=
github.com/jinzhu/copier v0.0.0-20190625015134-976e0346caa8/go.mod h1:yL958EeXv8Ylng6IfnvG4oflryUi3vgA3xPs9hmII1s=
github.com/kelseyhightower/envconfig v1.4.0 h1:Im6hONhd3pLkfDFsbRgu68RDNkGF1r3dvMUtDTo2cv8=
github.com/kelseyhightower/envconfig v1.4.0/go.mod h1:cccZRl6mQpaq41TPp5QxidR+Sa3axMbJDNb//FQX6Gg=
github.com/pmezard/go-difflib v1.0.0/go.mod h1:iKH77koFhYxTK1pcRnkKkqfTogsbg7gZNVY4sRDYZ/4=
github.com/rowdyroad/go-simple-logger v0.0.0-20190809122636-ef0165213630 h1:tPOF6YFPPqO6b1+UuyrACVCWVo/nRVrWtkg83YOWI5k=
github.com/rowdyroad/go-simple-logger v0.0.0-20190809122636-ef0165213630/go.mod h1:sfZl0shFCIDltSSYQ7A5ctdmi9ozLezQyVWQ6hrEals=
github.com/rowdyroad/go-yaml-config v0.0.0-20211020113835-e6da6ddf5d67 h1:f9+9rGH5CkRXkM4JSM0+1yvlvtDmV6FxgKKzv+/dV/Q=
github.com/rowdyroad/go-yaml-config v0.0.0-20211020113835-e6da6ddf5d67/go.mod h1:0h6YetnWqhBFXD2iippSlnzQ6Cw3Kgeikj8as8uNlvw=
github.com/stretchr/objx v0.1.0/go.mod h1:HFkY916IF+rwdDfMAkV7OtwuqBVzrE8GR6GFx+wExME=
github.com/stretchr/testify v1.4.0/go.mod h1:j7eGeouHqKxXV5pUuKE4zz7dFj8WfuZ+81PSLYec5m4=
gopkg.in/check.v1 v0.0.0-20161208181325-20d25e280405/go.mod h1:Co6ibVJAznAaIkqp8huTwlJQCZ016jof/cbN4VW5Yz0=
gopkg.in/go-playground/assert.v1 v1.2.1/go.mod h1:9RXL0bg/zibRAgZUYszZSwO/z8Y/a8bDuhia5mkpMnE=
gopkg.in/yaml.v2 v2.2.2/go.mod h1:hI93XBmqTisBFMUTm0b8Fm+jr3Dg1NNxqwp+5A1VGuI=
